
Microsoft Visual Studio Solution File, Format Version 12.00
# Visual Studio Version 17
VisualStudioVersion = 17.2.32516.85
MinimumVisualStudioVersion = 10.0.40219.1
Project("{FAE04EC0-301F-11D3-BF4B-00C04F79EFBC}") = "ImgToASCII", "ImgToASCII\ImgToASCII.csproj", "{8D85E55B-8AF5-490C-916A-9507082EB645}"
EndProject
Global
	GlobalSection(SolutionConfigurationPlatforms) = preSolution
		Debug|Any CPU = Debug|Any CPU
		Release|Any CPU = Release|Any CPU
	EndGlobalSection
	GlobalSection(ProjectConfigurationPlatforms) = postSolution
		{8D85E55B-8AF5-490C-916A-9507082EB645}.Debug|Any CPU.ActiveCfg = Debug|Any CPU
		{8D85E55B-8AF5-490C-916A-9507082EB645}.Debug|Any CPU.Build.0 = Debug|Any CPU
		{8D85E55B-8AF5-490C-916A-9507082EB645}.Release|Any CPU.ActiveCfg = Release|Any CPU
		{8D85E55B-8AF5-490C-916A-9507082EB645}.Release|Any CPU.Build.0 = Release|Any CPU
	EndGlobalSection
	GlobalSection(SolutionProperties) = preSolution
		HideSolutionNode = FALSE
	EndGlobalSection
	GlobalSection(ExtensibilityGlobals) = postSolution
		SolutionGuid = {59743CF7-7902-4972-92F1-027C28363AC2}
	EndGlobalSection
EndGlobal
